// !$*UTF8*$!
{
	archiveVersion = 1;
	classes = {
	};
	objectVersion = 56;
	objects = {

/* Begin PBXBuildFile section */
		3F2ADA2C2BA98785005314A5 /* AppDelegate.swift in Sources */ = {isa = PBXBuildFile; fileRef = 3F2ADA2B2BA98785005314A5 /* AppDelegate.swift */; };
		3F2ADA2E2BA98785005314A5 /* SceneDelegate.swift in Sources */ = {isa = PBXBuildFile; fileRef = 3F2ADA2D2BA98785005314A5 /* SceneDelegate.swift */; };
		3F2ADA302BA98785005314A5 /* ViewController.swift in Sources */ = {isa = PBXBuildFile; fileRef = 3F2ADA2F2BA98785005314A5 /* ViewController.swift */; };
		3F2ADA332BA98785005314A5 /* Main.storyboard in Resources */ = {isa = PBXBuildFile; fileRef = 3F2ADA312BA98785005314A5 /* Main.storyboard */; };
		3F2ADA352BA98788005314A5 /* Assets.xcassets in Resources */ = {isa = PBXBuildFile; fileRef = 3F2ADA342BA98788005314A5 /* Assets.xcassets */; };
		3F2ADA382BA98788005314A5 /* LaunchScreen.storyboard in Resources */ = {isa = PBXBuildFile; fileRef = 3F2ADA362BA98788005314A5 /* LaunchScreen.storyboard */; };
		3F2ADA432BA98788005314A5 /* InterviewSolarTests.swift in Sources */ = {isa = PBXBuildFile; fileRef = 3F2ADA422BA98788005314A5 /* InterviewSolarTests.swift */; };
		3F2ADA4D2BA98788005314A5 /* InterviewSolarUITests.swift in Sources */ = {isa = PBXBuildFile; fileRef = 3F2ADA4C2BA98788005314A5 /* InterviewSolarUITests.swift */; };
		3F2ADA4F2BA98788005314A5 /* InterviewSolarUITestsLaunchTests.swift in Sources */ = {isa = PBXBuildFile; fileRef = 3F2ADA4E2BA98788005314A5 /* InterviewSolarUITestsLaunchTests.swift */; };
		3F2ADA5C2BA98980005314A5 /* SolarIOSInterview-2.json in Resources */ = {isa = PBXBuildFile; fileRef = 3F2ADA5B2BA98980005314A5 /* SolarIOSInterview-2.json */; };
		3F2ADA5F2BA990B8005314A5 /*  UITableVIew+Ext.swift in Sources */ = {isa = PBXBuildFile; fileRef = 3F2ADA5E2BA990B8005314A5 /*  UITableVIew+Ext.swift */; };
		3F2ADA622BA99206005314A5 /* ItemTableViewCell.swift in Sources */ = {isa = PBXBuildFile; fileRef = 3F2ADA602BA99206005314A5 /* ItemTableViewCell.swift */; };
		3F2ADA632BA99206005314A5 /* ItemTableViewCell.xib in Resources */ = {isa = PBXBuildFile; fileRef = 3F2ADA612BA99206005314A5 /* ItemTableViewCell.xib */; };
		3F2ADA692BA998A7005314A5 /* Instruct.swift in Sources */ = {isa = PBXBuildFile; fileRef = 3F2ADA682BA998A7005314A5 /* Instruct.swift */; };
		3F2ADA6B2BA9993D005314A5 /* InstructViewModel.swift in Sources */ = {isa = PBXBuildFile; fileRef = 3F2ADA6A2BA9993D005314A5 /* InstructViewModel.swift */; };
		3F2ADA712BA9A3B4005314A5 /* sf-compact-display-medium.otf in Resources */ = {isa = PBXBuildFile; fileRef = 3F2ADA6F2BA9A3B4005314A5 /* sf-compact-display-medium.otf */; };
		3F2ADA732BA9A3DE005314A5 /* Font+Ext.swift in Sources */ = {isa = PBXBuildFile; fileRef = 3F2ADA722BA9A3DE005314A5 /* Font+Ext.swift */; };
		3F2ADA752BAA04C9005314A5 /* UIView+Ext.swift in Sources */ = {isa = PBXBuildFile; fileRef = 3F2ADA742BAA04C9005314A5 /* UIView+Ext.swift */; };
		3F2ADA772BAAEAB7005314A5 /* sf-compact-display-regular.otf in Resources */ = {isa = PBXBuildFile; fileRef = 3F2ADA762BAAEAB7005314A5 /* sf-compact-display-regular.otf */; };
/* End PBXBuildFile section */

/* Begin PBXContainerItemProxy section */
		3F2ADA3F2BA98788005314A5 /* PBXContainerItemProxy */ = {
			isa = PBXContainerItemProxy;
			containerPortal = 3F2ADA202BA98785005314A5 /* Project object */;
			proxyType = 1;
			remoteGlobalIDString = 3F2ADA272BA98785005314A5;
			remoteInfo = InterviewSolar;
		};
		3F2ADA492BA98788005314A5 /* PBXContainerItemProxy */ = {
			isa = PBXContainerItemProxy;
			containerPortal = 3F2ADA202BA98785005314A5 /* Project object */;
			proxyType = 1;
			remoteGlobalIDString = 3F2ADA272BA98785005314A5;
			remoteInfo = InterviewSolar;
		};
/* End PBXContainerItemProxy section */

/* Begin PBXFileReference section */
		3F2ADA282BA98785005314A5 /* InterviewSolar.app */ = {isa = PBXFileReference; explicitFileType = wrapper.application; includeInIndex = 0; path = InterviewSolar.app; sourceTree = BUILT_PRODUCTS_DIR; };
		3F2ADA2B2BA98785005314A5 /* AppDelegate.swift */ = {isa = PBXFileReference; lastKnownFileType = sourcecode.swift; path = AppDelegate.swift; sourceTree = "<group>"; };
		3F2ADA2D2BA98785005314A5 /* SceneDelegate.swift */ = {isa = PBXFileReference; lastKnownFileType = sourcecode.swift; path = SceneDelegate.swift; sourceTree = "<group>"; };
		3F2ADA2F2BA98785005314A5 /* ViewController.swift */ = {isa = PBXFileReference; lastKnownFileType = sourcecode.swift; path = ViewController.swift; sourceTree = "<group>"; };
		3F2ADA322BA98785005314A5 /* Base */ = {isa = PBXFileReference; lastKnownFileType = file.storyboard; name = Base; path = Base.lproj/Main.storyboard; sourceTree = "<group>"; };
		3F2ADA342BA98788005314A5 /* Assets.xcassets */ = {isa = PBXFileReference; lastKnownFileType = folder.assetcatalog; path = Assets.xcassets; sourceTree = "<group>"; };
		3F2ADA372BA98788005314A5 /* Base */ = {isa = PBXFileReference; lastKnownFileType = file.storyboard; name = Base; path = Base.lproj/LaunchScreen.storyboard; sourceTree = "<group>"; };
		3F2ADA392BA98788005314A5 /* Info.plist */ = {isa = PBXFileReference; lastKnownFileType = text.plist.xml; path = Info.plist; sourceTree = "<group>"; };
		3F2ADA3E2BA98788005314A5 /* InterviewSolarTests.xctest */ = {isa = PBXFileReference; explicitFileType = wrapper.cfbundle; includeInIndex = 0; path = InterviewSolarTests.xctest; sourceTree = BUILT_PRODUCTS_DIR; };
		3F2ADA422BA98788005314A5 /* InterviewSolarTests.swift */ = {isa = PBXFileReference; lastKnownFileType = sourcecode.swift; path = InterviewSolarTests.swift; sourceTree = "<group>"; };
		3F2ADA482BA98788005314A5 /* InterviewSolarUITests.xctest */ = {isa = PBXFileReference; explicitFileType = wrapper.cfbundle; includeInIndex = 0; path = InterviewSolarUITests.xctest; sourceTree = BUILT_PRODUCTS_DIR; };
		3F2ADA4C2BA98788005314A5 /* InterviewSolarUITests.swift */ = {isa = PBXFileReference; lastKnownFileType = sourcecode.swift; path = InterviewSolarUITests.swift; sourceTree = "<group>"; };
		3F2ADA4E2BA98788005314A5 /* InterviewSolarUITestsLaunchTests.swift */ = {isa = PBXFileReference; lastKnownFileType = sourcecode.swift; path = InterviewSolarUITestsLaunchTests.swift; sourceTree = "<group>"; };
		3F2ADA5B2BA98980005314A5 /* SolarIOSInterview-2.json */ = {isa = PBXFileReference; fileEncoding = 4; lastKnownFileType = text.json; path = "SolarIOSInterview-2.json"; sourceTree = "<group>"; };
		3F2ADA5E2BA990B8005314A5 /*  UITableVIew+Ext.swift */ = {isa = PBXFileReference; lastKnownFileType = sourcecode.swift; path = " UITableVIew+Ext.swift"; sourceTree = "<group>"; };
		3F2ADA602BA99206005314A5 /* ItemTableViewCell.swift */ = {isa = PBXFileReference; lastKnownFileType = sourcecode.swift; path = ItemTableViewCell.swift; sourceTree = "<group>"; };
		3F2ADA612BA99206005314A5 /* ItemTableViewCell.xib */ = {isa = PBXFileReference; lastKnownFileType = file.xib; path = ItemTableViewCell.xib; sourceTree = "<group>"; };
		3F2ADA682BA998A7005314A5 /* Instruct.swift */ = {isa = PBXFileReference; lastKnownFileType = sourcecode.swift; path = Instruct.swift; sourceTree = "<group>"; };
		3F2ADA6A2BA9993D005314A5 /* InstructViewModel.swift */ = {isa = PBXFileReference; lastKnownFileType = sourcecode.swift; path = InstructViewModel.swift; sourceTree = "<group>"; };
		3F2ADA6F2BA9A3B4005314A5 /* sf-compact-display-medium.otf */ = {isa = PBXFileReference; lastKnownFileType = file; path = "sf-compact-display-medium.otf"; sourceTree = "<group>"; };
		3F2ADA722BA9A3DE005314A5 /* Font+Ext.swift */ = {isa = PBXFileReference; lastKnownFileType = sourcecode.swift; path = "Font+Ext.swift"; sourceTree = "<group>"; };
		3F2ADA742BAA04C9005314A5 /* UIView+Ext.swift */ = {isa = PBXFileReference; lastKnownFileType = sourcecode.swift; path = "UIView+Ext.swift"; sourceTree = "<group>"; };
		3F2ADA762BAAEAB7005314A5 /* sf-compact-display-regular.otf */ = {isa = PBXFileReference; lastKnownFileType = file; path = "sf-compact-display-regular.otf"; sourceTree = "<group>"; };
/* End PBXFileReference section */

/* Begin PBXFrameworksBuildPhase section */
		3F2ADA252BA98785005314A5 /* Frameworks */ = {
			isa = PBXFrameworksBuildPhase;
			buildActionMask = 2147483647;
			files = (
			);
			runOnlyForDeploymentPostprocessing = 0;
		};
		3F2ADA3B2BA98788005314A5 /* Frameworks */ = {
			isa = PBXFrameworksBuildPhase;
			buildActionMask = 2147483647;
			files = (
			);
			runOnlyForDeploymentPostprocessing = 0;
		};
		3F2ADA452BA98788005314A5 /* Frameworks */ = {
			isa = PBXFrameworksBuildPhase;
			buildActionMask = 2147483647;
			files = (
			);
			runOnlyForDeploymentPostprocessing = 0;
		};
/* End PBXFrameworksBuildPhase section */

/* Begin PBXGroup section */
		3F2ADA1F2BA98785005314A5 = {
			isa = PBXGroup;
			children = (
				3F2ADA2A2BA98785005314A5 /* InterviewSolar */,
				3F2ADA412BA98788005314A5 /* InterviewSolarTests */,
				3F2ADA4B2BA98788005314A5 /* InterviewSolarUITests */,
				3F2ADA292BA98785005314A5 /* Products */,
			);
			sourceTree = "<group>";
		};
		3F2ADA292BA98785005314A5 /* Products */ = {
			isa = PBXGroup;
			children = (
				3F2ADA282BA98785005314A5 /* InterviewSolar.app */,
				3F2ADA3E2BA98788005314A5 /* InterviewSolarTests.xctest */,
				3F2ADA482BA98788005314A5 /* InterviewSolarUITests.xctest */,
			);
			name = Products;
			sourceTree = "<group>";
		};
		3F2ADA2A2BA98785005314A5 /* InterviewSolar */ = {
			isa = PBXGroup;
			children = (
				3F2ADA5B2BA98980005314A5 /* SolarIOSInterview-2.json */,
				3F2ADA662BA99806005314A5 /* Application */,
				3F2ADA652BA997E3005314A5 /* Controller */,
				3F2ADA642BA997D2005314A5 /* Models */,
				3F2ADA5D2BA99028005314A5 /* Extensions */,
				3F2ADA6C2BA9A39C005314A5 /* Resources */,
				3F2ADA312BA98785005314A5 /* Main.storyboard */,
				3F2ADA362BA98788005314A5 /* LaunchScreen.storyboard */,
			);
			path = InterviewSolar;
			sourceTree = "<group>";
		};
		3F2ADA412BA98788005314A5 /* InterviewSolarTests */ = {
			isa = PBXGroup;
			children = (
				3F2ADA422BA98788005314A5 /* InterviewSolarTests.swift */,
			);
			path = InterviewSolarTests;
			sourceTree = "<group>";
		};
		3F2ADA4B2BA98788005314A5 /* InterviewSolarUITests */ = {
			isa = PBXGroup;
			children = (
				3F2ADA4C2BA98788005314A5 /* InterviewSolarUITests.swift */,
				3F2ADA4E2BA98788005314A5 /* InterviewSolarUITestsLaunchTests.swift */,
			);
			path = InterviewSolarUITests;
			sourceTree = "<group>";
		};
		3F2ADA5D2BA99028005314A5 /* Extensions */ = {
			isa = PBXGroup;
			children = (
				3F2ADA5E2BA990B8005314A5 /*  UITableVIew+Ext.swift */,
				3F2ADA722BA9A3DE005314A5 /* Font+Ext.swift */,
				3F2ADA742BAA04C9005314A5 /* UIView+Ext.swift */,
			);
			path = Extensions;
			sourceTree = "<group>";
		};
		3F2ADA642BA997D2005314A5 /* Models */ = {
			isa = PBXGroup;
			children = (
				3F2ADA682BA998A7005314A5 /* Instruct.swift */,
			);
			path = Models;
			sourceTree = "<group>";
		};
		3F2ADA652BA997E3005314A5 /* Controller */ = {
			isa = PBXGroup;
			children = (
				3F2ADA672BA99812005314A5 /* SubView */,
				3F2ADA2F2BA98785005314A5 /* ViewController.swift */,
				3F2ADA6A2BA9993D005314A5 /* InstructViewModel.swift */,
			);
			path = Controller;
			sourceTree = "<group>";
		};
		3F2ADA662BA99806005314A5 /* Application */ = {
			isa = PBXGroup;
			children = (
				3F2ADA2B2BA98785005314A5 /* AppDelegate.swift */,
				3F2ADA2D2BA98785005314A5 /* SceneDelegate.swift */,
			);
			path = Application;
			sourceTree = "<group>";
		};
		3F2ADA672BA99812005314A5 /* SubView */ = {
			isa = PBXGroup;
			children = (
				3F2ADA602BA99206005314A5 /* ItemTableViewCell.swift */,
				3F2ADA612BA99206005314A5 /* ItemTableViewCell.xib */,
			);
			path = SubView;
			sourceTree = "<group>";
		};
		3F2ADA6C2BA9A39C005314A5 /* Resources */ = {
			isa = PBXGroup;
			children = (
				3F2ADA392BA98788005314A5 /* Info.plist */,
				3F2ADA342BA98788005314A5 /* Assets.xcassets */,
				3F2ADA6D2BA9A3A1005314A5 /* Fonts */,
			);
			path = Resources;
			sourceTree = "<group>";
		};
		3F2ADA6D2BA9A3A1005314A5 /* Fonts */ = {
			isa = PBXGroup;
			children = (
				3F2ADA762BAAEAB7005314A5 /* sf-compact-display-regular.otf */,
				3F2ADA6F2BA9A3B4005314A5 /* sf-compact-display-medium.otf */,
			);
			path = Fonts;
			sourceTree = "<group>";
		};
/* End PBXGroup section */

/* Begin PBXNativeTarget section */
		3F2ADA272BA98785005314A5 /* InterviewSolar */ = {
			isa = PBXNativeTarget;
			buildConfigurationList = 3F2ADA522BA98788005314A5 /* Build configuration list for PBXNativeTarget "InterviewSolar" */;
			buildPhases = (
				3F2ADA242BA98785005314A5 /* Sources */,
				3F2ADA252BA98785005314A5 /* Frameworks */,
				3F2ADA262BA98785005314A5 /* Resources */,
			);
			buildRules = (
			);
			dependencies = (
			);
			name = InterviewSolar;
			productName = InterviewSolar;
			productReference = 3F2ADA282BA98785005314A5 /* InterviewSolar.app */;
			productType = "com.apple.product-type.application";
		};
		3F2ADA3D2BA98788005314A5 /* InterviewSolarTests */ = {
			isa = PBXNativeTarget;
			buildConfigurationList = 3F2ADA552BA98788005314A5 /* Build configuration list for PBXNativeTarget "InterviewSolarTests" */;
			buildPhases = (
				3F2ADA3A2BA98788005314A5 /* Sources */,
				3F2ADA3B2BA98788005314A5 /* Frameworks */,
				3F2ADA3C2BA98788005314A5 /* Resources */,
			);
			buildRules = (
			);
			dependencies = (
				3F2ADA402BA98788005314A5 /* PBXTargetDependency */,
			);
			name = InterviewSolarTests;
			productName = InterviewSolarTests;
			productReference = 3F2ADA3E2BA98788005314A5 /* InterviewSolarTests.xctest */;
			productType = "com.apple.product-type.bundle.unit-test";
		};
		3F2ADA472BA98788005314A5 /* InterviewSolarUITests */ = {
			isa = PBXNativeTarget;
			buildConfigurationList = 3F2ADA582BA98788005314A5 /* Build configuration list for PBXNativeTarget "InterviewSolarUITests" */;
			buildPhases = (
				3F2ADA442BA98788005314A5 /* Sources */,
				3F2ADA452BA98788005314A5 /* Frameworks */,
				3F2ADA462BA98788005314A5 /* Resources */,
			);
			buildRules = (
			);
			dependencies = (
				3F2ADA4A2BA98788005314A5 /* PBXTargetDependency */,
			);
			name = InterviewSolarUITests;
			productName = InterviewSolarUITests;
			productReference = 3F2ADA482BA98788005314A5 /* InterviewSolarUITests.xctest */;
			productType = "com.apple.product-type.bundle.ui-testing";
		};
/* End PBXNativeTarget section */

/* Begin PBXProject section */
		3F2ADA202BA98785005314A5 /* Project object */ = {
			isa = PBXProject;
			attributes = {
				BuildIndependentTargetsInParallel = 1;
				LastSwiftUpdateCheck = 1430;
				LastUpgradeCheck = 1430;
				TargetAttributes = {
					3F2ADA272BA98785005314A5 = {
						CreatedOnToolsVersion = 14.3.1;
					};
					3F2ADA3D2BA98788005314A5 = {
						CreatedOnToolsVersion = 14.3.1;
						TestTargetID = 3F2ADA272BA98785005314A5;
					};
					3F2ADA472BA98788005314A5 = {
						CreatedOnToolsVersion = 14.3.1;
						TestTargetID = 3F2ADA272BA98785005314A5;
					};
				};
			};
			buildConfigurationList = 3F2ADA232BA98785005314A5 /* Build configuration list for PBXProject "InterviewSolar" */;
			compatibilityVersion = "Xcode 14.0";
			developmentRegion = en;
			hasScannedForEncodings = 0;
			knownRegions = (
				en,
				Base,
			);
			mainGroup = 3F2ADA1F2BA98785005314A5;
			productRefGroup = 3F2ADA292BA98785005314A5 /* Products */;
			projectDirPath = "";
			projectRoot = "";
			targets = (
				3F2ADA272BA98785005314A5 /* InterviewSolar */,
				3F2ADA3D2BA98788005314A5 /* InterviewSolarTests */,
				3F2ADA472BA98788005314A5 /* InterviewSolarUITests */,
			);
		};
/* End PBXProject section */

/* Begin PBXResourcesBuildPhase section */
		3F2ADA262BA98785005314A5 /* Resources */ = {
			isa = PBXResourcesBuildPhase;
			buildActionMask = 2147483647;
			files = (
				3F2ADA5C2BA98980005314A5 /* SolarIOSInterview-2.json in Resources */,
				3F2ADA382BA98788005314A5 /* LaunchScreen.storyboard in Resources */,
				3F2ADA352BA98788005314A5 /* Assets.xcassets in Resources */,
				3F2ADA632BA99206005314A5 /* ItemTableViewCell.xib in Resources */,
				3F2ADA772BAAEAB7005314A5 /* sf-compact-display-regular.otf in Resources */,
				3F2ADA332BA98785005314A5 /* Main.storyboard in Resources */,
				3F2ADA712BA9A3B4005314A5 /* sf-compact-display-medium.otf in Resources */,
			);
			runOnlyForDeploymentPostprocessing = 0;
		};
		3F2ADA3C2BA98788005314A5 /* Resources */ = {
			isa = PBXResourcesBuildPhase;
			buildActionMask = 2147483647;
			files = (
			);
			runOnlyForDeploymentPostprocessing = 0;
		};
		3F2ADA462BA98788005314A5 /* Resources */ = {
			isa = PBXResourcesBuildPhase;
			buildActionMask = 2147483647;
			files = (
			);
			runOnlyForDeploymentPostprocessing = 0;
		};
/* End PBXResourcesBuildPhase section */

/* Begin PBXSourcesBuildPhase section */
		3F2ADA242BA98785005314A5 /* Sources */ = {
			isa = PBXSourcesBuildPhase;
			buildActionMask = 2147483647;
			files = (
				3F2ADA302BA98785005314A5 /* ViewController.swift in Sources */,
				3F2ADA692BA998A7005314A5 /* Instruct.swift in Sources */,
				3F2ADA2C2BA98785005314A5 /* AppDelegate.swift in Sources */,
				3F2ADA6B2BA9993D005314A5 /* InstructViewModel.swift in Sources */,
				3F2ADA732BA9A3DE005314A5 /* Font+Ext.swift in Sources */,
				3F2ADA752BAA04C9005314A5 /* UIView+Ext.swift in Sources */,
				3F2ADA622BA99206005314A5 /* ItemTableViewCell.swift in Sources */,
				3F2ADA5F2BA990B8005314A5 /*  UITableVIew+Ext.swift in Sources */,
				3F2ADA2E2BA98785005314A5 /* SceneDelegate.swift in Sources */,
			);
			runOnlyForDeploymentPostprocessing = 0;
		};
		3F2ADA3A2BA98788005314A5 /* Sources */ = {
			isa = PBXSourcesBuildPhase;
			buildActionMask = 2147483647;
			files = (
				3F2ADA432BA98788005314A5 /* InterviewSolarTests.swift in Sources */,
			);
			runOnlyForDeploymentPostprocessing = 0;
		};
		3F2ADA442BA98788005314A5 /* Sources */ = {
			isa = PBXSourcesBuildPhase;
			buildActionMask = 2147483647;
			files = (
				3F2ADA4F2BA98788005314A5 /* InterviewSolarUITestsLaunchTests.swift in Sources */,
				3F2ADA4D2BA98788005314A5 /* InterviewSolarUITests.swift in Sources */,
			);
			runOnlyForDeploymentPostprocessing = 0;
		};
/* End PBXSourcesBuildPhase section */

/* Begin PBXTargetDependency section */
		3F2ADA402BA98788005314A5 /* PBXTargetDependency */ = {
			isa = PBXTargetDependency;
			target = 3F2ADA272BA98785005314A5 /* InterviewSolar */;
			targetProxy = 3F2ADA3F2BA98788005314A5 /* PBXContainerItemProxy */;
		};
		3F2ADA4A2BA98788005314A5 /* PBXTargetDependency */ = {
			isa = PBXTargetDependency;
			target = 3F2ADA272BA98785005314A5 /* InterviewSolar */;
			targetProxy = 3F2ADA492BA98788005314A5 /* PBXContainerItemProxy */;
		};
/* End PBXTargetDependency section */

/* Begin PBXVariantGroup section */
		3F2ADA312BA98785005314A5 /* Main.storyboard */ = {
			isa = PBXVariantGroup;
			children = (
				3F2ADA322BA98785005314A5 /* Base */,
			);
			name = Main.storyboard;
			sourceTree = "<group>";
		};
		3F2ADA362BA98788005314A5 /* LaunchScreen.storyboard */ = {
			isa = PBXVariantGroup;
			children = (
				3F2ADA372BA98788005314A5 /* Base */,
			);
			name = LaunchScreen.storyboard;
			sourceTree = "<group>";
		};
/* End PBXVariantGroup section */

/* Begin XCBuildConfiguration section */
		3F2ADA502BA98788005314A5 /* Debug */ = {
			isa = XCBuildConfiguration;
			buildSettings = {
				ALWAYS_SEARCH_USER_PATHS = NO;
				CLANG_ANALYZER_NONNULL = YES;
				CLANG_ANALYZER_NUMBER_OBJECT_CONVERSION = YES_AGGRESSIVE;
				CLANG_CXX_LANGUAGE_STANDARD = "gnu++20";
				CLANG_ENABLE_MODULES = YES;
				CLANG_ENABLE_OBJC_ARC = YES;
				CLANG_ENABLE_OBJC_WEAK = YES;
				CLANG_WARN_BLOCK_CAPTURE_AUTORELEASING = YES;
				CLANG_WARN_BOOL_CONVERSION = YES;
				CLANG_WARN_COMMA = YES;
				CLANG_WARN_CONSTANT_CONVERSION = YES;
				CLANG_WARN_DEPRECATED_OBJC_IMPLEMENTATIONS = YES;
				CLANG_WARN_DIRECT_OBJC_ISA_USAGE = YES_ERROR;
				CLANG_WARN_DOCUMENTATION_COMMENTS = YES;
				CLANG_WARN_EMPTY_BODY = YES;
				CLANG_WARN_ENUM_CONVERSION = YES;
				CLANG_WARN_INFINITE_RECURSION = YES;
				CLANG_WARN_INT_CONVERSION = YES;
				CLANG_WARN_NON_LITERAL_NULL_CONVERSION = YES;
				CLANG_WARN_OBJC_IMPLICIT_RETAIN_SELF = YES;
				CLANG_WARN_OBJC_LITERAL_CONVERSION = YES;
				CLANG_WARN_OBJC_ROOT_CLASS = YES_ERROR;
				CLANG_WARN_QUOTED_INCLUDE_IN_FRAMEWORK_HEADER = YES;
				CLANG_WARN_RANGE_LOOP_ANALYSIS = YES;
				CLANG_WARN_STRICT_PROTOTYPES = YES;
				CLANG_WARN_SUSPICIOUS_MOVE = YES;
				CLANG_WARN_UNGUARDED_AVAILABILITY = YES_AGGRESSIVE;
				CLANG_WARN_UNREACHABLE_CODE = YES;
				CLANG_WARN__DUPLICATE_METHOD_MATCH = YES;
				COPY_PHASE_STRIP = NO;
				DEBUG_INFORMATION_FORMAT = dwarf;
				ENABLE_STRICT_OBJC_MSGSEND = YES;
				ENABLE_TESTABILITY = YES;
				GCC_C_LANGUAGE_STANDARD = gnu11;
				GCC_DYNAMIC_NO_PIC = NO;
				GCC_NO_COMMON_BLOCKS = YES;
				GCC_OPTIMIZATION_LEVEL = 0;
				GCC_PREPROCESSOR_DEFINITIONS = (
					"DEBUG=1",
					"$(inherited)",
				);
				GCC_WARN_64_TO_32_BIT_CONVERSION = YES;
				GCC_WARN_ABOUT_RETURN_TYPE = YES_ERROR;
				GCC_WARN_UNDECLARED_SELECTOR = YES;
				GCC_WARN_UNINITIALIZED_AUTOS = YES_AGGRESSIVE;
				GCC_WARN_UNUSED_FUNCTION = YES;
				GCC_WARN_UNUSED_VARIABLE = YES;
				IPHONEOS_DEPLOYMENT_TARGET = 16.0;
				MTL_ENABLE_DEBUG_INFO = INCLUDE_SOURCE;
				MTL_FAST_MATH = YES;
				ONLY_ACTIVE_ARCH = YES;
				SDKROOT = iphoneos;
				SWIFT_ACTIVE_COMPILATION_CONDITIONS = DEBUG;
				SWIFT_OPTIMIZATION_LEVEL = "-Onone";
			};
			name = Debug;
		};
		3F2ADA512BA98788005314A5 /* Release */ = {
			isa = XCBuildConfiguration;
			buildSettings = {
				ALWAYS_SEARCH_USER_PATHS = NO;
				CLANG_ANALYZER_NONNULL = YES;
				CLANG_ANALYZER_NUMBER_OBJECT_CONVERSION = YES_AGGRESSIVE;
				CLANG_CXX_LANGUAGE_STANDARD = "gnu++20";
				CLANG_ENABLE_MODULES = YES;
				CLANG_ENABLE_OBJC_ARC = YES;
				CLANG_ENABLE_OBJC_WEAK = YES;
				CLANG_WARN_BLOCK_CAPTURE_AUTORELEASING = YES;
				CLANG_WARN_BOOL_CONVERSION = YES;
				CLANG_WARN_COMMA = YES;
				CLANG_WARN_CONSTANT_CONVERSION = YES;
				CLANG_WARN_DEPRECATED_OBJC_IMPLEMENTATIONS = YES;
				CLANG_WARN_DIRECT_OBJC_ISA_USAGE = YES_ERROR;
				CLANG_WARN_DOCUMENTATION_COMMENTS = YES;
				CLANG_WARN_EMPTY_BODY = YES;
				CLANG_WARN_ENUM_CONVERSION = YES;
				CLANG_WARN_INFINITE_RECURSION = YES;
				CLANG_WARN_INT_CONVERSION = YES;
				CLANG_WARN_NON_LITERAL_NULL_CONVERSION = YES;
				CLANG_WARN_OBJC_IMPLICIT_RETAIN_SELF = YES;
				CLANG_WARN_OBJC_LITERAL_CONVERSION = YES;
				CLANG_WARN_OBJC_ROOT_CLASS = YES_ERROR;
				CLANG_WARN_QUOTED_INCLUDE_IN_FRAMEWORK_HEADER = YES;
				CLANG_WARN_RANGE_LOOP_ANALYSIS = YES;
				CLANG_WARN_STRICT_PROTOTYPES = YES;
				CLANG_WARN_SUSPICIOUS_MOVE = YES;
				CLANG_WARN_UNGUARDED_AVAILABILITY = YES_AGGRESSIVE;
				CLANG_WARN_UNREACHABLE_CODE = YES;
				CLANG_WARN__DUPLICATE_METHOD_MATCH = YES;
				COPY_PHASE_STRIP = NO;
				DEBUG_INFORMATION_FORMAT = "dwarf-with-dsym";
				ENABLE_NS_ASSERTIONS = NO;
				ENABLE_STRICT_OBJC_MSGSEND = YES;
				GCC_C_LANGUAGE_STANDARD = gnu11;
				GCC_NO_COMMON_BLOCKS = YES;
				GCC_WARN_64_TO_32_BIT_CONVERSION = YES;
				GCC_WARN_ABOUT_RETURN_TYPE = YES_ERROR;
				GCC_WARN_UNDECLARED_SELECTOR = YES;
				GCC_WARN_UNINITIALIZED_AUTOS = YES_AGGRESSIVE;
				GCC_WARN_UNUSED_FUNCTION = YES;
				GCC_WARN_UNUSED_VARIABLE = YES;
				IPHONEOS_DEPLOYMENT_TARGET = 16.0;
				MTL_ENABLE_DEBUG_INFO = NO;
				MTL_FAST_MATH = YES;
				SDKROOT = iphoneos;
				SWIFT_COMPILATION_MODE = wholemodule;
				SWIFT_OPTIMIZATION_LEVEL = "-O";
				VALIDATE_PRODUCT = YES;
			};
			name = Release;
		};
		3F2ADA532BA98788005314A5 /* Debug */ = {
			isa = XCBuildConfiguration;
			buildSettings = {
				ASSETCATALOG_COMPILER_APPICON_NAME = AppIcon;
				ASSETCATALOG_COMPILER_GLOBAL_ACCENT_COLOR_NAME = AccentColor;
				CODE_SIGN_STYLE = Automatic;
				CURRENT_PROJECT_VERSION = 1;
				DEVELOPMENT_TEAM = 4B7C4QH7DZ;
				GENERATE_INFOPLIST_FILE = YES;
				INFOPLIST_FILE = InterviewSolar/Resources/Info.plist;
				INFOPLIST_KEY_UIApplicationSupportsIndirectInputEvents = YES;
				INFOPLIST_KEY_UILaunchStoryboardName = LaunchScreen;
				INFOPLIST_KEY_UIMainStoryboardFile = Main;
				INFOPLIST_KEY_UISupportedInterfaceOrientations_iPad = "UIInterfaceOrientationPortrait UIInterfaceOrientationPortraitUpsideDown UIInterfaceOrientationLandscapeLeft UIInterfaceOrientationLandscapeRight";
				INFOPLIST_KEY_UISupportedInterfaceOrientations_iPhone = "UIInterfaceOrientationPortrait UIInterfaceOrientationLandscapeLeft UIInterfaceOrientationLandscapeRight";
				IPHONEOS_DEPLOYMENT_TARGET = 16.0;
				LD_RUNPATH_SEARCH_PATHS = (
					"$(inherited)",
					"@executable_path/Frameworks",
				);
				MARKETING_VERSION = 1.0;
				PRODUCT_BUNDLE_IDENTIFIER = "com.ty-nguyen.-InterviewSolar.InterviewSolar";
				PRODUCT_NAME = "$(TARGET_NAME)";
				SWIFT_EMIT_LOC_STRINGS = YES;
				SWIFT_VERSION = 5.0;
				TARGETED_DEVICE_FAMILY = "1,2";
			};
			name = Debug;
		};
		3F2ADA542BA98788005314A5 /* Release */ = {
			isa = XCBuildConfiguration;
			buildSettings = {
				ASSETCATALOG_COMPILER_APPICON_NAME = AppIcon;
				ASSETCATALOG_COMPILER_GLOBAL_ACCENT_COLOR_NAME = AccentColor;
				CODE_SIGN_STYLE = Automatic;
				CURRENT_PROJECT_VERSION = 1;
				DEVELOPMENT_TEAM = 4B7C4QH7DZ;
				GENERATE_INFOPLIST_FILE = YES;
				INFOPLIST_FILE = InterviewSolar/Resources/Info.plist;
				INFOPLIST_KEY_UIApplicationSupportsIndirectInputEvents = YES;
				INFOPLIST_KEY_UILaunchStoryboardName = LaunchScreen;
				INFOPLIST_KEY_UIMainStoryboardFile = Main;
				INFOPLIST_KEY_UISupportedInterfaceOrientations_iPad = "UIInterfaceOrientationPortrait UIInterfaceOrientationPortraitUpsideDown UIInterfaceOrientationLandscapeLeft UIInterfaceOrientationLandscapeRight";
				INFOPLIST_KEY_UISupportedInterfaceOrientations_iPhone = "UIInterfaceOrientationPortrait UIInterfaceOrientationLandscapeLeft UIInterfaceOrientationLandscapeRight";
				IPHONEOS_DEPLOYMENT_TARGET = 16.0;
				LD_RUNPATH_SEARCH_PATHS = (
					"$(inherited)",
					"@executable_path/Frameworks",
				);
				MARKETING_VERSION = 1.0;
				PRODUCT_BUNDLE_IDENTIFIER = "com.ty-nguyen.-InterviewSolar.InterviewSolar";
				PRODUCT_NAME = "$(TARGET_NAME)";
				SWIFT_EMIT_LOC_STRINGS = YES;
				SWIFT_VERSION = 5.0;
				TARGETED_DEVICE_FAMILY = "1,2";
			};
			name = Release;
		};
		3F2ADA562BA98788005314A5 /* Debug */ = {
			isa = XCBuildConfiguration;
			buildSettings = {
				ALWAYS_EMBED_SWIFT_STANDARD_LIBRARIES = YES;
				BUNDLE_LOADER = "$(TEST_HOST)";
				CODE_SIGN_STYLE = Automatic;
				CURRENT_PROJECT_VERSION = 1;
				DEVELOPMENT_TEAM = 4B7C4QH7DZ;
				GENERATE_INFOPLIST_FILE = YES;
				IPHONEOS_DEPLOYMENT_TARGET = 16.4;
				MARKETING_VERSION = 1.0;
				PRODUCT_BUNDLE_IDENTIFIER = "com.ty-nguyen.-InterviewSolar.InterviewSolarTests";
				PRODUCT_NAME = "$(TARGET_NAME)";
				SWIFT_EMIT_LOC_STRINGS = NO;
				SWIFT_VERSION = 5.0;
				TARGETED_DEVICE_FAMILY = "1,2";
				TEST_HOST = "$(BUILT_PRODUCTS_DIR)/InterviewSolar.app/$(BUNDLE_EXECUTABLE_FOLDER_PATH)/InterviewSolar";
			};
			name = Debug;
		};
		3F2ADA572BA98788005314A5 /* Release */ = {
			isa = XCBuildConfiguration;
			buildSettings = {
				ALWAYS_EMBED_SWIFT_STANDARD_LIBRARIES = YES;
				BUNDLE_LOADER = "$(TEST_HOST)";
				CODE_SIGN_STYLE = Automatic;
				CURRENT_PROJECT_VERSION = 1;
				DEVELOPMENT_TEAM = 4B7C4QH7DZ;
				GENERATE_INFOPLIST_FILE = YES;
				IPHONEOS_DEPLOYMENT_TARGET = 16.4;
				MARKETING_VERSION = 1.0;
				PRODUCT_BUNDLE_IDENTIFIER = "com.ty-nguyen.-InterviewSolar.InterviewSolarTests";
				PRODUCT_NAME = "$(TARGET_NAME)";
				SWIFT_EMIT_LOC_STRINGS = NO;
				SWIFT_VERSION = 5.0;
				TARGETED_DEVICE_FAMILY = "1,2";
				TEST_HOST = "$(BUILT_PRODUCTS_DIR)/InterviewSolar.app/$(BUNDLE_EXECUTABLE_FOLDER_PATH)/InterviewSolar";
			};
			name = Release;
		};
		3F2ADA592BA98788005314A5 /* Debug */ = {
			isa = XCBuildConfiguration;
			buildSettings = {
				ALWAYS_EMBED_SWIFT_STANDARD_LIBRARIES = YES;
				CODE_SIGN_STYLE = Automatic;
				CURRENT_PROJECT_VERSION = 1;
				DEVELOPMENT_TEAM = 4B7C4QH7DZ;
				GENERATE_INFOPLIST_FILE = YES;
				MARKETING_VERSION = 1.0;
				PRODUCT_BUNDLE_IDENTIFIER = "com.ty-nguyen.-InterviewSolar.InterviewSolarUITests";
				PRODUCT_NAME = "$(TARGET_NAME)";
				SWIFT_EMIT_LOC_STRINGS = NO;
				SWIFT_VERSION = 5.0;
				TARGETED_DEVICE_FAMILY = "1,2";
				TEST_TARGET_NAME = InterviewSolar;
			};
			name = Debug;
		};
		3F2ADA5A2BA98788005314A5 /* Release */ = {
			isa = XCBuildConfiguration;
			buildSettings = {
				ALWAYS_EMBED_SWIFT_STANDARD_LIBRARIES = YES;
				CODE_SIGN_STYLE = Automatic;
				CURRENT_PROJECT_VERSION = 1;
				DEVELOPMENT_TEAM = 4B7C4QH7DZ;
				GENERATE_INFOPLIST_FILE = YES;
				MARKETING_VERSION = 1.0;
				PRODUCT_BUNDLE_IDENTIFIER = "com.ty-nguyen.-InterviewSolar.InterviewSolarUITests";
				PRODUCT_NAME = "$(TARGET_NAME)";
				SWIFT_EMIT_LOC_STRINGS = NO;
				SWIFT_VERSION = 5.0;
				TARGETED_DEVICE_FAMILY = "1,2";
				TEST_TARGET_NAME = InterviewSolar;
			};
			name = Release;
		};
/* End XCBuildConfiguration section */

/* Begin XCConfigurationList section */
		3F2ADA232BA98785005314A5 /* Build configuration list for PBXProject "InterviewSolar" */ = {
			isa = XCConfigurationList;
			buildConfigurations = (
				3F2ADA502BA98788005314A5 /* Debug */,
				3F2ADA512BA98788005314A5 /* Release */,
			);
			defaultConfigurationIsVisible = 0;
			defaultConfigurationName = Release;
		};
		3F2ADA522BA98788005314A5 /* Build configuration list for PBXNativeTarget "InterviewSolar" */ = {
			isa = XCConfigurationList;
			buildConfigurations = (
				3F2ADA532BA98788005314A5 /* Debug */,
				3F2ADA542BA98788005314A5 /* Release */,
			);
			defaultConfigurationIsVisible = 0;
			defaultConfigurationName = Release;
		};
		3F2ADA552BA98788005314A5 /* Build configuration list for PBXNativeTarget "InterviewSolarTests" */ = {
			isa = XCConfigurationList;
			buildConfigurations = (
				3F2ADA562BA98788005314A5 /* Debug */,
				3F2ADA572BA98788005314A5 /* Release */,
			);
			defaultConfigurationIsVisible = 0;
			defaultConfigurationName = Release;
		};
		3F2ADA582BA98788005314A5 /* Build configuration list for PBXNativeTarget "InterviewSolarUITests" */ = {
			isa = XCConfigurationList;
			buildConfigurations = (
				3F2ADA592BA98788005314A5 /* Debug */,
				3F2ADA5A2BA98788005314A5 /* Release */,
			);
			defaultConfigurationIsVisible = 0;
			defaultConfigurationName = Release;
		};
/* End XCConfigurationList section */
	};
	rootObject = 3F2ADA202BA98785005314A5 /* Project object */;
}
